// !$*UTF8*$!
{
	archiveVersion = 1;
	classes = {
	};
	objectVersion = 46;
	objects = {

/* Begin PBXBuildFile section */
		7CB40DE21F0F8460006D766C /* main.m in Sources */ = {isa = PBXBuildFile; fileRef = 7CB40DE11F0F8460006D766C /* main.m */; };
		7CB40DE51F0F8460006D766C /* AppDelegate.m in Sources */ = {isa = PBXBuildFile; fileRef = 7CB40DE41F0F8460006D766C /* AppDelegate.m */; };
		7CB40DE81F0F8460006D766C /* ViewController.m in Sources */ = {isa = PBXBuildFile; fileRef = 7CB40DE71F0F8460006D766C /* ViewController.m */; };
		7CB40DED1F0F8460006D766C /* Assets.xcassets in Resources */ = {isa = PBXBuildFile; fileRef = 7CB40DEC1F0F8460006D766C /* Assets.xcassets */; };
		7CB40DF01F0F8460006D766C /* LaunchScreen.storyboard in Resources */ = {isa = PBXBuildFile; fileRef = 7CB40DEE1F0F8460006D766C /* LaunchScreen.storyboard */; };
		7CB40DFF1F0F89AA006D766C /* HomeTestViewController.m in Sources */ = {isa = PBXBuildFile; fileRef = 7CB40DFD1F0F89AA006D766C /* HomeTestViewController.m */; };
		7CB40E021F0FAFFF006D766C /* LKCalendarCollectionViewLayout.m in Sources */ = {isa = PBXBuildFile; fileRef = 7CB40E011F0FAFFF006D766C /* LKCalendarCollectionViewLayout.m */; };
		7CB40E051F0FB35F006D766C /* NSDate+LKCalendar.m in Sources */ = {isa = PBXBuildFile; fileRef = 7CB40E041F0FB35F006D766C /* NSDate+LKCalendar.m */; };
		7CB40E081F0FB3D8006D766C /* NSCalendar+LKCalendar.m in Sources */ = {isa = PBXBuildFile; fileRef = 7CB40E071F0FB3D8006D766C /* NSCalendar+LKCalendar.m */; };
		7CB40E0B1F0FBCCF006D766C /* LKCalendarCell.m in Sources */ = {isa = PBXBuildFile; fileRef = 7CB40E0A1F0FBCCF006D766C /* LKCalendarCell.m */; };
		7CB40E111F0FBE50006D766C /* LKCalendarConfig.m in Sources */ = {isa = PBXBuildFile; fileRef = 7CB40E101F0FBE50006D766C /* LKCalendarConfig.m */; };
		7CB40E141F0FC132006D766C /* Demo1ViewController.m in Sources */ = {isa = PBXBuildFile; fileRef = 7CB40E131F0FC132006D766C /* Demo1ViewController.m */; };
		7CB40E171F108D2D006D766C /* LKCalendarSectionView.m in Sources */ = {isa = PBXBuildFile; fileRef = 7CB40E161F108D2D006D766C /* LKCalendarSectionView.m */; };
		7CB40E1D1F1377C4006D766C /* LKCalendarView.m in Sources */ = {isa = PBXBuildFile; fileRef = 7CB40E1C1F1377C4006D766C /* LKCalendarView.m */; };
		7CB40E211F137FCB006D766C /* Demo2ViewController.m in Sources */ = {isa = PBXBuildFile; fileRef = 7CB40E201F137FCB006D766C /* Demo2ViewController.m */; };
		7CB40E241F13837B006D766C /* Demo3ViewController.m in Sources */ = {isa = PBXBuildFile; fileRef = 7CB40E231F13837B006D766C /* Demo3ViewController.m */; };
		7CB40E271F139E72006D766C /* LKCalendarMenuView.m in Sources */ = {isa = PBXBuildFile; fileRef = 7CB40E261F139E72006D766C /* LKCalendarMenuView.m */; };
		7CB40E2A1F139F7A006D766C /* LKCalendarMenuCell.m in Sources */ = {isa = PBXBuildFile; fileRef = 7CB40E291F139F7A006D766C /* LKCalendarMenuCell.m */; };
/* End PBXBuildFile section */

/* Begin PBXFileReference section */
		7CB40DDD1F0F8460006D766C /* LKCalendar.app */ = {isa = PBXFileReference; explicitFileType = wrapper.application; includeInIndex = 0; path = LKCalendar.app; sourceTree = BUILT_PRODUCTS_DIR; };
		7CB40DE11F0F8460006D766C /* main.m */ = {isa = PBXFileReference; lastKnownFileType = sourcecode.c.objc; path = main.m; sourceTree = "<group>"; };
		7CB40DE31F0F8460006D766C /* AppDelegate.h */ = {isa = PBXFileReference; lastKnownFileType = sourcecode.c.h; path = AppDelegate.h; sourceTree = "<group>"; };
		7CB40DE41F0F8460006D766C /* AppDelegate.m */ = {isa = PBXFileReference; lastKnownFileType = sourcecode.c.objc; path = AppDelegate.m; sourceTree = "<group>"; };
		7CB40DE61F0F8460006D766C /* ViewController.h */ = {isa = PBXFileReference; lastKnownFileType = sourcecode.c.h; path = ViewController.h; sourceTree = "<group>"; };
		7CB40DE71F0F8460006D766C /* ViewController.m */ = {isa = PBXFileReference; lastKnownFileType = sourcecode.c.objc; path = ViewController.m; sourceTree = "<group>"; };
		7CB40DEC1F0F8460006D766C /* Assets.xcassets */ = {isa = PBXFileReference; lastKnownFileType = folder.assetcatalog; path = Assets.xcassets; sourceTree = "<group>"; };
		7CB40DEF1F0F8460006D766C /* Base */ = {isa = PBXFileReference; lastKnownFileType = file.storyboard; name = Base; path = Base.lproj/LaunchScreen.storyboard; sourceTree = "<group>"; };
		7CB40DF11F0F8460006D766C /* Info.plist */ = {isa = PBXFileReference; lastKnownFileType = text.plist.xml; path = Info.plist; sourceTree = "<group>"; };
		7CB40DFD1F0F89AA006D766C /* HomeTestViewController.m */ = {isa = PBXFileReference; fileEncoding = 4; lastKnownFileType = sourcecode.c.objc; path = HomeTestViewController.m; sourceTree = "<group>"; };
		7CB40DFE1F0F89AA006D766C /* HomeTestViewController.h */ = {isa = PBXFileReference; fileEncoding = 4; lastKnownFileType = sourcecode.c.h; path = HomeTestViewController.h; sourceTree = "<group>"; };
		7CB40E001F0FAFFF006D766C /* LKCalendarCollectionViewLayout.h */ = {isa = PBXFileReference; fileEncoding = 4; lastKnownFileType = sourcecode.c.h; path = LKCalendarCollectionViewLayout.h; sourceTree = "<group>"; };
		7CB40E011F0FAFFF006D766C /* LKCalendarCollectionViewLayout.m */ = {isa = PBXFileReference; fileEncoding = 4; lastKnownFileType = sourcecode.c.objc; path = LKCalendarCollectionViewLayout.m; sourceTree = "<group>"; };
		7CB40E031F0FB35F006D766C /* NSDate+LKCalendar.h */ = {isa = PBXFileReference; fileEncoding = 4; lastKnownFileType = sourcecode.c.h; path = "NSDate+LKCalendar.h"; sourceTree = "<group>"; };
		7CB40E041F0FB35F006D766C /* NSDate+LKCalendar.m */ = {isa = PBXFileReference; fileEncoding = 4; lastKnownFileType = sourcecode.c.objc; path = "NSDate+LKCalendar.m"; sourceTree = "<group>"; };
		7CB40E061F0FB3D8006D766C /* NSCalendar+LKCalendar.h */ = {isa = PBXFileReference; fileEncoding = 4; lastKnownFileType = sourcecode.c.h; path = "NSCalendar+LKCalendar.h"; sourceTree = "<group>"; };
		7CB40E071F0FB3D8006D766C /* NSCalendar+LKCalendar.m */ = {isa = PBXFileReference; fileEncoding = 4; lastKnownFileType = sourcecode.c.objc; path = "NSCalendar+LKCalendar.m"; sourceTree = "<group>"; };
		7CB40E091F0FBCCF006D766C /* LKCalendarCell.h */ = {isa = PBXFileReference; fileEncoding = 4; lastKnownFileType = sourcecode.c.h; path = LKCalendarCell.h; sourceTree = "<group>"; };
		7CB40E0A1F0FBCCF006D766C /* LKCalendarCell.m */ = {isa = PBXFileReference; fileEncoding = 4; lastKnownFileType = sourcecode.c.objc; path = LKCalendarCell.m; sourceTree = "<group>"; };
		7CB40E0F1F0FBE50006D766C /* LKCalendarConfig.h */ = {isa = PBXFileReference; fileEncoding = 4; lastKnownFileType = sourcecode.c.h; path = LKCalendarConfig.h; sourceTree = "<group>"; };
		7CB40E101F0FBE50006D766C /* LKCalendarConfig.m */ = {isa = PBXFileReference; fileEncoding = 4; lastKnownFileType = sourcecode.c.objc; path = LKCalendarConfig.m; sourceTree = "<group>"; };
		7CB40E121F0FC132006D766C /* Demo1ViewController.h */ = {isa = PBXFileReference; fileEncoding = 4; lastKnownFileType = sourcecode.c.h; path = Demo1ViewController.h; sourceTree = "<group>"; };
		7CB40E131F0FC132006D766C /* Demo1ViewController.m */ = {isa = PBXFileReference; fileEncoding = 4; lastKnownFileType = sourcecode.c.objc; path = Demo1ViewController.m; sourceTree = "<group>"; };
		7CB40E151F108D2D006D766C /* LKCalendarSectionView.h */ = {isa = PBXFileReference; fileEncoding = 4; lastKnownFileType = sourcecode.c.h; path = LKCalendarSectionView.h; sourceTree = "<group>"; };
		7CB40E161F108D2D006D766C /* LKCalendarSectionView.m */ = {isa = PBXFileReference; fileEncoding = 4; lastKnownFileType = sourcecode.c.objc; path = LKCalendarSectionView.m; sourceTree = "<group>"; };
		7CB40E1B1F1377C4006D766C /* LKCalendarView.h */ = {isa = PBXFileReference; fileEncoding = 4; lastKnownFileType = sourcecode.c.h; path = LKCalendarView.h; sourceTree = "<group>"; };
		7CB40E1C1F1377C4006D766C /* LKCalendarView.m */ = {isa = PBXFileReference; fileEncoding = 4; lastKnownFileType = sourcecode.c.objc; path = LKCalendarView.m; sourceTree = "<group>"; };
		7CB40E1E1F137F8F006D766C /* LKCalendar.h */ = {isa = PBXFileReference; lastKnownFileType = sourcecode.c.h; path = LKCalendar.h; sourceTree = "<group>"; };
		7CB40E1F1F137FCB006D766C /* Demo2ViewController.h */ = {isa = PBXFileReference; fileEncoding = 4; lastKnownFileType = sourcecode.c.h; path = Demo2ViewController.h; sourceTree = "<group>"; };
		7CB40E201F137FCB006D766C /* Demo2ViewController.m */ = {isa = PBXFileReference; fileEncoding = 4; lastKnownFileType = sourcecode.c.objc; path = Demo2ViewController.m; sourceTree = "<group>"; };
		7CB40E221F13837B006D766C /* Demo3ViewController.h */ = {isa = PBXFileReference; fileEncoding = 4; lastKnownFileType = sourcecode.c.h; path = Demo3ViewController.h; sourceTree = "<group>"; };
		7CB40E231F13837B006D766C /* Demo3ViewController.m */ = {isa = PBXFileReference; fileEncoding = 4; lastKnownFileType = sourcecode.c.objc; path = Demo3ViewController.m; sourceTree = "<group>"; };
		7CB40E251F139E72006D766C /* LKCalendarMenuView.h */ = {isa = PBXFileReference; fileEncoding = 4; lastKnownFileType = sourcecode.c.h; path = LKCalendarMenuView.h; sourceTree = "<group>"; };
		7CB40E261F139E72006D766C /* LKCalendarMenuView.m */ = {isa = PBXFileReference; fileEncoding = 4; lastKnownFileType = sourcecode.c.objc; path = LKCalendarMenuView.m; sourceTree = "<group>"; };
		7CB40E281F139F7A006D766C /* LKCalendarMenuCell.h */ = {isa = PBXFileReference; fileEncoding = 4; lastKnownFileType = sourcecode.c.h; path = LKCalendarMenuCell.h; sourceTree = "<group>"; };
		7CB40E291F139F7A006D766C /* LKCalendarMenuCell.m */ = {isa = PBXFileReference; fileEncoding = 4; lastKnownFileType = sourcecode.c.objc; path = LKCalendarMenuCell.m; sourceTree = "<group>"; };
/* End PBXFileReference section */

/* Begin PBXFrameworksBuildPhase section */
		7CB40DDA1F0F8460006D766C /* Frameworks */ = {
			isa = PBXFrameworksBuildPhase;
			buildActionMask = 2147483647;
			files = (
			);
			runOnlyForDeploymentPostprocessing = 0;
		};
/* End PBXFrameworksBuildPhase section */

/* Begin PBXGroup section */
		7CB40DD41F0F8460006D766C = {
			isa = PBXGroup;
			children = (
				7CB40DDF1F0F8460006D766C /* LKCalendar */,
				7CB40DDE1F0F8460006D766C /* Products */,
			);
			sourceTree = "<group>";
		};
		7CB40DDE1F0F8460006D766C /* Products */ = {
			isa = PBXGroup;
			children = (
				7CB40DDD1F0F8460006D766C /* LKCalendar.app */,
			);
			name = Products;
			sourceTree = "<group>";
		};
		7CB40DDF1F0F8460006D766C /* LKCalendar */ = {
			isa = PBXGroup;
			children = (
				7CB40DF71F0F857F006D766C /* LKCalendar */,
				7CB40DF81F0F857F006D766C /* LKCalendarDemo */,
				7CB40DE31F0F8460006D766C /* AppDelegate.h */,
				7CB40DE41F0F8460006D766C /* AppDelegate.m */,
				7CB40DE61F0F8460006D766C /* ViewController.h */,
				7CB40DE71F0F8460006D766C /* ViewController.m */,
				7CB40DEC1F0F8460006D766C /* Assets.xcassets */,
				7CB40DEE1F0F8460006D766C /* LaunchScreen.storyboard */,
				7CB40DF11F0F8460006D766C /* Info.plist */,
				7CB40DE01F0F8460006D766C /* Supporting Files */,
			);
			path = LKCalendar;
			sourceTree = "<group>";
		};
		7CB40DE01F0F8460006D766C /* Supporting Files */ = {
			isa = PBXGroup;
			children = (
				7CB40DE11F0F8460006D766C /* main.m */,
			);
			name = "Supporting Files";
			sourceTree = "<group>";
		};
		7CB40DF71F0F857F006D766C /* LKCalendar */ = {
			isa = PBXGroup;
			children = (
				7CB40E1E1F137F8F006D766C /* LKCalendar.h */,
				7CB40E1B1F1377C4006D766C /* LKCalendarView.h */,
				7CB40E1C1F1377C4006D766C /* LKCalendarView.m */,
				7CB40E0F1F0FBE50006D766C /* LKCalendarConfig.h */,
				7CB40E101F0FBE50006D766C /* LKCalendarConfig.m */,
				7CB40E001F0FAFFF006D766C /* LKCalendarCollectionViewLayout.h */,
				7CB40E011F0FAFFF006D766C /* LKCalendarCollectionViewLayout.m */,
				7CB40E251F139E72006D766C /* LKCalendarMenuView.h */,
				7CB40E261F139E72006D766C /* LKCalendarMenuView.m */,
				7CB40E281F139F7A006D766C /* LKCalendarMenuCell.h */,
				7CB40E291F139F7A006D766C /* LKCalendarMenuCell.m */,
				7CB40E151F108D2D006D766C /* LKCalendarSectionView.h */,
				7CB40E161F108D2D006D766C /* LKCalendarSectionView.m */,
				7CB40E091F0FBCCF006D766C /* LKCalendarCell.h */,
				7CB40E0A1F0FBCCF006D766C /* LKCalendarCell.m */,
				7CB40E031F0FB35F006D766C /* NSDate+LKCalendar.h */,
				7CB40E041F0FB35F006D766C /* NSDate+LKCalendar.m */,
				7CB40E061F0FB3D8006D766C /* NSCalendar+LKCalendar.h */,
				7CB40E071F0FB3D8006D766C /* NSCalendar+LKCalendar.m */,
			);
			path = LKCalendar;
			sourceTree = "<group>";
		};
		7CB40DF81F0F857F006D766C /* LKCalendarDemo */ = {
			isa = PBXGroup;
			children = (
				7CB40DFE1F0F89AA006D766C /* HomeTestViewController.h */,
				7CB40DFD1F0F89AA006D766C /* HomeTestViewController.m */,
				7CB40E121F0FC132006D766C /* Demo1ViewController.h */,
				7CB40E131F0FC132006D766C /* Demo1ViewController.m */,
				7CB40E1F1F137FCB006D766C /* Demo2ViewController.h */,
				7CB40E201F137FCB006D766C /* Demo2ViewController.m */,
				7CB40E221F13837B006D766C /* Demo3ViewController.h */,
				7CB40E231F13837B006D766C /* Demo3ViewController.m */,
			);
			path = LKCalendarDemo;
			sourceTree = "<group>";
		};
/* End PBXGroup section */

/* Begin PBXNativeTarget section */
		7CB40DDC1F0F8460006D766C /* LKCalendar */ = {
			isa = PBXNativeTarget;
			buildConfigurationList = 7CB40DF41F0F8460006D766C /* Build configuration list for PBXNativeTarget "LKCalendar" */;
			buildPhases = (
				7CB40DD91F0F8460006D766C /* Sources */,
				7CB40DDA1F0F8460006D766C /* Frameworks */,
				7CB40DDB1F0F8460006D766C /* Resources */,
			);
			buildRules = (
			);
			dependencies = (
			);
			name = LKCalendar;
			productName = LKCalendar;
			productReference = 7CB40DDD1F0F8460006D766C /* LKCalendar.app */;
			productType = "com.apple.product-type.application";
		};
/* End PBXNativeTarget section */

/* Begin PBXProject section */
		7CB40DD51F0F8460006D766C /* Project object */ = {
			isa = PBXProject;
			attributes = {
				LastUpgradeCheck = 0830;
				ORGANIZATIONNAME = karos;
				TargetAttributes = {
					7CB40DDC1F0F8460006D766C = {
						CreatedOnToolsVersion = 8.3.2;
						DevelopmentTeam = 7M2A8Q929Y;
						ProvisioningStyle = Automatic;
					};
				};
			};
			buildConfigurationList = 7CB40DD81F0F8460006D766C /* Build configuration list for PBXProject "LKCalendar" */;
			compatibilityVersion = "Xcode 3.2";
			developmentRegion = English;
			hasScannedForEncodings = 0;
			knownRegions = (
				en,
				Base,
			);
			mainGroup = 7CB40DD41F0F8460006D766C;
			productRefGroup = 7CB40DDE1F0F8460006D766C /* Products */;
			projectDirPath = "";
			projectRoot = "";
			targets = (
				7CB40DDC1F0F8460006D766C /* LKCalendar */,
			);
		};
/* End PBXProject section */

/* Begin PBXResourcesBuildPhase section */
		7CB40DDB1F0F8460006D766C /* Resources */ = {
			isa = PBXResourcesBuildPhase;
			buildActionMask = 2147483647;
			files = (
				7CB40DF01F0F8460006D766C /* LaunchScreen.storyboard in Resources */,
				7CB40DED1F0F8460006D766C /* Assets.xcassets in Resources */,
			);
			runOnlyForDeploymentPostprocessing = 0;
		};
/* End PBXResourcesBuildPhase section */

/* Begin PBXSourcesBuildPhase section */
		7CB40DD91F0F8460006D766C /* Sources */ = {
			isa = PBXSourcesBuildPhase;
			buildActionMask = 2147483647;
			files = (
				7CB40DE81F0F8460006D766C /* ViewController.m in Sources */,
				7CB40E021F0FAFFF006D766C /* LKCalendarCollectionViewLayout.m in Sources */,
				7CB40DE51F0F8460006D766C /* AppDelegate.m in Sources */,
				7CB40DE21F0F8460006D766C /* main.m in Sources */,
				7CB40E0B1F0FBCCF006D766C /* LKCalendarCell.m in Sources */,
				7CB40E2A1F139F7A006D766C /* LKCalendarMenuCell.m in Sources */,
				7CB40E241F13837B006D766C /* Demo3ViewController.m in Sources */,
				7CB40E211F137FCB006D766C /* Demo2ViewController.m in Sources */,
				7CB40E141F0FC132006D766C /* Demo1ViewController.m in Sources */,
				7CB40DFF1F0F89AA006D766C /* HomeTestViewController.m in Sources */,
				7CB40E1D1F1377C4006D766C /* LKCalendarView.m in Sources */,
				7CB40E171F108D2D006D766C /* LKCalendarSectionView.m in Sources */,
				7CB40E111F0FBE50006D766C /* LKCalendarConfig.m in Sources */,
				7CB40E271F139E72006D766C /* LKCalendarMenuView.m in Sources */,
				7CB40E051F0FB35F006D766C /* NSDate+LKCalendar.m in Sources */,
				7CB40E081F0FB3D8006D766C /* NSCalendar+LKCalendar.m in Sources */,
			);
			runOnlyForDeploymentPostprocessing = 0;
		};
/* End PBXSourcesBuildPhase section */

/* Begin PBXVariantGroup section */
		7CB40DEE1F0F8460006D766C /* LaunchScreen.storyboard */ = {
			isa = PBXVariantGroup;
			children = (
				7CB40DEF1F0F8460006D766C /* Base */,
			);
			name = LaunchScreen.storyboard;
			sourceTree = "<group>";
		};
/* End PBXVariantGroup section */

/* Begin XCBuildConfiguration section */
		7CB40DF21F0F8460006D766C /* Debug */ = {
			isa = XCBuildConfiguration;
			buildSettings = {
				ALWAYS_SEARCH_USER_PATHS = NO;
				CLANG_ANALYZER_NONNULL = YES;
				CLANG_ANALYZER_NUMBER_OBJECT_CONVERSION = YES_AGGRESSIVE;
				CLANG_CXX_LANGUAGE_STANDARD = "gnu++0x";
				CLANG_CXX_LIBRARY = "libc++";
				CLANG_ENABLE_MODULES = YES;
				CLANG_ENABLE_OBJC_ARC = YES;
				CLANG_WARN_BOOL_CONVERSION = YES;
				CLANG_WARN_CONSTANT_CONVERSION = YES;
				CLANG_WARN_DIRECT_OBJC_ISA_USAGE = YES_ERROR;
				CLANG_WARN_DOCUMENTATION_COMMENTS = YES;
				CLANG_WARN_EMPTY_BODY = YES;
				CLANG_WARN_ENUM_CONVERSION = YES;
				CLANG_WARN_INFINITE_RECURSION = YES;
				CLANG_WARN_INT_CONVERSION = YES;
				CLANG_WARN_OBJC_ROOT_CLASS = YES_ERROR;
				CLANG_WARN_SUSPICIOUS_MOVE = YES;
				CLANG_WARN_UNREACHABLE_CODE = YES;
				CLANG_WARN__DUPLICATE_METHOD_MATCH = YES;
				"CODE_SIGN_IDENTITY[sdk=iphoneos*]" = "iPhone Developer";
				COPY_PHASE_STRIP = NO;
				DEBUG_INFORMATION_FORMAT = dwarf;
				ENABLE_STRICT_OBJC_MSGSEND = YES;
				ENABLE_TESTABILITY = YES;
				GCC_C_LANGUAGE_STANDARD = gnu99;
				GCC_DYNAMIC_NO_PIC = NO;
				GCC_NO_COMMON_BLOCKS = YES;
				GCC_OPTIMIZATION_LEVEL = 0;
				GCC_PREPROCESSOR_DEFINITIONS = (
					"DEBUG=1",
					"$(inherited)",
				);
				GCC_WARN_64_TO_32_BIT_CONVERSION = YES;
				GCC_WARN_ABOUT_RETURN_TYPE = YES_ERROR;
				GCC_WARN_UNDECLARED_SELECTOR = YES;
				GCC_WARN_UNINITIALIZED_AUTOS = YES_AGGRESSIVE;
				GCC_WARN_UNUSED_FUNCTION = YES;
				GCC_WARN_UNUSED_VARIABLE = YES;
				IPHONEOS_DEPLOYMENT_TARGET = 10.3;
				MTL_ENABLE_DEBUG_INFO = YES;
				ONLY_ACTIVE_ARCH = YES;
				SDKROOT = iphoneos;
				TARGETED_DEVICE_FAMILY = "1,2";
			};
			name = Debug;
		};
		7CB40DF31F0F8460006D766C /* Release */ = {
			isa = XCBuildConfiguration;
			buildSettings = {
				ALWAYS_SEARCH_USER_PATHS = NO;
				CLANG_ANALYZER_NONNULL = YES;
				CLANG_ANALYZER_NUMBER_OBJECT_CONVERSION = YES_AGGRESSIVE;
				CLANG_CXX_LANGUAGE_STANDARD = "gnu++0x";
				CLANG_CXX_LIBRARY = "libc++";
				CLANG_ENABLE_MODULES = YES;
				CLANG_ENABLE_OBJC_ARC = YES;
				CLANG_WARN_BOOL_CONVERSION = YES;
				CLANG_WARN_CONSTANT_CONVERSION = YES;
				CLANG_WARN_DIRECT_OBJC_ISA_USAGE = YES_ERROR;
				CLANG_WARN_DOCUMENTATION_COMMENTS = YES;
				CLANG_WARN_EMPTY_BODY = YES;
				CLANG_WARN_ENUM_CONVERSION = YES;
				CLANG_WARN_INFINITE_RECURSION = YES;
				CLANG_WARN_INT_CONVERSION = YES;
				CLANG_WARN_OBJC_ROOT_CLASS = YES_ERROR;
				CLANG_WARN_SUSPICIOUS_MOVE = YES;
				CLANG_WARN_UNREACHABLE_CODE = YES;
				CLANG_WARN__DUPLICATE_METHOD_MATCH = YES;
				"CODE_SIGN_IDENTITY[sdk=iphoneos*]" = "iPhone Developer";
				COPY_PHASE_STRIP = NO;
				DEBUG_INFORMATION_FORMAT = "dwarf-with-dsym";
				ENABLE_NS_ASSERTIONS = NO;
				ENABLE_STRICT_OBJC_MSGSEND = YES;
				GCC_C_LANGUAGE_STANDARD = gnu99;
				GCC_NO_COMMON_BLOCKS = YES;
				GCC_WARN_64_TO_32_BIT_CONVERSION = YES;
				GCC_WARN_ABOUT_RETURN_TYPE = YES_ERROR;
				GCC_WARN_UNDECLARED_SELECTOR = YES;
				GCC_WARN_UNINITIALIZED_AUTOS = YES_AGGRESSIVE;
				GCC_WARN_UNUSED_FUNCTION = YES;
				GCC_WARN_UNUSED_VARIABLE = YES;
				IPHONEOS_DEPLOYMENT_TARGET = 10.3;
				MTL_ENABLE_DEBUG_INFO = NO;
				SDKROOT = iphoneos;
				TARGETED_DEVICE_FAMILY = "1,2";
				VALIDATE_PRODUCT = YES;
			};
			name = Release;
		};
		7CB40DF51F0F8460006D766C /* Debug */ = {
			isa = XCBuildConfiguration;
			buildSettings = {
				ASSETCATALOG_COMPILER_APPICON_NAME = AppIcon;
				DEVELOPMENT_TEAM = 7M2A8Q929Y;
				INFOPLIST_FILE = LKCalendar/Info.plist;
				IPHONEOS_DEPLOYMENT_TARGET = 8.0;
				LD_RUNPATH_SEARCH_PATHS = "$(inherited) @executable_path/Frameworks";
				PRODUCT_BUNDLE_IDENTIFIER = com.kaors.LKCalendar;
				PRODUCT_NAME = "$(TARGET_NAME)";
			};
			name = Debug;
		};
		7CB40DF61F0F8460006D766C /* Release */ = {
			isa = XCBuildConfiguration;
			buildSettings = {
				ASSETCATALOG_COMPILER_APPICON_NAME = AppIcon;
				DEVELOPMENT_TEAM = 7M2A8Q929Y;
				INFOPLIST_FILE = LKCalendar/Info.plist;
				IPHONEOS_DEPLOYMENT_TARGET = 8.0;
				LD_RUNPATH_SEARCH_PATHS = "$(inherited) @executable_path/Frameworks";
				PRODUCT_BUNDLE_IDENTIFIER = com.kaors.LKCalendar;
				PRODUCT_NAME = "$(TARGET_NAME)";
			};
			name = Release;
		};
/* End XCBuildConfiguration section */

/* Begin XCConfigurationList section */
		7CB40DD81F0F8460006D766C /* Build configuration list for PBXProject "LKCalendar" */ = {
			isa = XCConfigurationList;
			buildConfigurations = (
				7CB40DF21F0F8460006D766C /* Debug */,
				7CB40DF31F0F8460006D766C /* Release */,
			);
			defaultConfigurationIsVisible = 0;
			defaultConfigurationName = Release;
		};
		7CB40DF41F0F8460006D766C /* Build configuration list for PBXNativeTarget "LKCalendar" */ = {
			isa = XCConfigurationList;
			buildConfigurations = (
				7CB40DF51F0F8460006D766C /* Debug */,
				7CB40DF61F0F8460006D766C /* Release */,
			);
			defaultConfigurationIsVisible = 0;
		};
/* End XCConfigurationList section */
	};
	rootObject = 7CB40DD51F0F8460006D766C /* Project object */;
}
